
Microsoft Visual Studio Solution File, Format Version 12.00
# Visual Studio Version 17
VisualStudioVersion = 17.3.32929.385
MinimumVisualStudioVersion = 10.0.40219.1
Project("{FAE04EC0-301F-11D3-BF4B-00C04F79EFBC}") = "webCalculator", "webCalculator\webCalculator.csproj", "{DB64291D-CC66-4472-A219-478FB9F24DE5}"
EndProject
Global
	GlobalSection(SolutionConfigurationPlatforms) = preSolution
		Debug|Any CPU = Debug|Any CPU
		Release|Any CPU = Release|Any CPU
	EndGlobalSection
	GlobalSection(ProjectConfigurationPlatforms) = postSolution
		{DB64291D-CC66-4472-A219-478FB9F24DE5}.Debug|Any CPU.ActiveCfg = Debug|Any CPU
		{DB64291D-CC66-4472-A219-478FB9F24DE5}.Debug|Any CPU.Build.0 = Debug|Any CPU
		{DB64291D-CC66-4472-A219-478FB9F24DE5}.Release|Any CPU.ActiveCfg = Release|Any CPU
		{DB64291D-CC66-4472-A219-478FB9F24DE5}.Release|Any CPU.Build.0 = Release|Any CPU
	EndGlobalSection
	GlobalSection(SolutionProperties) = preSolution
		HideSolutionNode = FALSE
	EndGlobalSection
	GlobalSection(ExtensibilityGlobals) = postSolution
		SolutionGuid = {796581A9-BE1B-42CB-A51B-D8C3A3D380F2}
	EndGlobalSection
EndGlobal
